
Microsoft Visual Studio Solution File, Format Version 12.00
# Visual Studio Version 17
VisualStudioVersion = 17.0.31903.59
MinimumVisualStudioVersion = 10.0.40219.1
Project("{2150E333-8FDC-42A3-9474-1A3956D46DE8}") = "src", "src", "{C42CF205-6E03-47D1-BA47-4140EA2F5990}"
EndProject
Project("{2150E333-8FDC-42A3-9474-1A3956D46DE8}") = "Producer", "Producer", "{FE880B20-0F4E-4A07-AB88-C8FCC5DA85C5}"
EndProject
Project("{9A19103F-16F7-4668-BE54-9A1E7A4F7556}") = "Application", "src\Producer\Application\Application.csproj", "{B45218DE-CDBF-4155-AF5A-5987F3FBF6A9}"
EndProject
Project("{9A19103F-16F7-4668-BE54-9A1E7A4F7556}") = "Domain", "src\Producer\Domain\Domain.csproj", "{0EA01373-F3C7-48B2-9C67-78C173D7D81A}"
EndProject
Project("{9A19103F-16F7-4668-BE54-9A1E7A4F7556}") = "Infrastructure", "src\Producer\Infrastructure\Infrastructure.csproj", "{0A24AF56-DC49-4A1F-BDFE-D2E806E10749}"
EndProject
Project("{9A19103F-16F7-4668-BE54-9A1E7A4F7556}") = "Api", "src\Producer\Api\Api.csproj", "{CD365973-6BE0-47BC-A6DF-5832F3B73B0B}"
EndProject
Project("{2150E333-8FDC-42A3-9474-1A3956D46DE8}") = "Consumer", "Consumer", "{E944316D-A864-43E3-BF2F-D0C97476CA49}"
EndProject
Project("{9A19103F-16F7-4668-BE54-9A1E7A4F7556}") = "Api", "src\Consumer\Api\Api.csproj", "{F04EF548-A34F-4FC6-A65B-DCB1BED45C14}"
EndProject
Project("{9A19103F-16F7-4668-BE54-9A1E7A4F7556}") = "Application", "src\Consumer\Application\Application.csproj", "{26F38429-A6B1-47A6-B3E1-06E1D7F04303}"
EndProject
Project("{9A19103F-16F7-4668-BE54-9A1E7A4F7556}") = "Domain", "src\Consumer\Domain\Domain.csproj", "{2DD3FFEC-13D3-4065-B352-3C320F1865C2}"
EndProject
Project("{9A19103F-16F7-4668-BE54-9A1E7A4F7556}") = "Infrastructure", "src\Consumer\Infrastructure\Infrastructure.csproj", "{32C39B31-69F9-4385-A90E-F48B946489AA}"
EndProject
Project("{2150E333-8FDC-42A3-9474-1A3956D46DE8}") = "test", "test", "{B8F23615-4ADF-4A30-B777-199F4D444B91}"
EndProject
Project("{2150E333-8FDC-42A3-9474-1A3956D46DE8}") = "Consumer", "Consumer", "{DEFA6B5A-A0FB-4244-937B-27361041C1E7}"
EndProject
Project("{2150E333-8FDC-42A3-9474-1A3956D46DE8}") = "Producer", "Producer", "{ED3D48D5-2BC6-4D01-894E-2BDFA1CD9ABA}"
EndProject
Project("{9A19103F-16F7-4668-BE54-9A1E7A4F7556}") = "Api.Tests", "test\Consumer\Api.Tests\Api.Tests.csproj", "{5C7AEB88-DAE5-4062-839C-9954477F7B56}"
EndProject
Project("{9A19103F-16F7-4668-BE54-9A1E7A4F7556}") = "Application.Tests", "test\Consumer\Application.Tests\Application.Tests.csproj", "{63AEFF6C-0A14-4FB3-9410-AACCCB7F54ED}"
EndProject
Project("{9A19103F-16F7-4668-BE54-9A1E7A4F7556}") = "Infrastructure.Tests", "test\Consumer\Infrastructure.Tests\Infrastructure.Tests.csproj", "{55215DCA-31F5-4FBD-B767-FB85CC0007D5}"
EndProject
Project("{9A19103F-16F7-4668-BE54-9A1E7A4F7556}") = "Api.Tests", "test\Producer\Api.Tests\Api.Tests.csproj", "{8AEB1340-BAEC-412A-A1AC-84FB398768A1}"
EndProject
Project("{9A19103F-16F7-4668-BE54-9A1E7A4F7556}") = "Applicattion.Tests", "test\Producer\Application.Tests\Applicattion.Tests.csproj", "{DC4E7455-6951-4971-BD91-54089E83DA89}"
EndProject
Project("{9A19103F-16F7-4668-BE54-9A1E7A4F7556}") = "Domain.Tests", "test\Producer\Domain.Tests\Domain.Tests.csproj", "{E2C0F504-7621-49DA-89C9-704EB6676B1D}"
EndProject
Project("{9A19103F-16F7-4668-BE54-9A1E7A4F7556}") = "Infrastructure.Tests", "test\Producer\Infrastructure.Tests\Infrastructure.Tests.csproj", "{6DF185C7-F276-4762-9A6B-DFA859E3AFA1}"
EndProject
Project("{2150E333-8FDC-42A3-9474-1A3956D46DE8}") = ".github", ".github", "{0C0E8557-C06B-46D5-A141-43DB12F5B804}"
EndProject
Project("{2150E333-8FDC-42A3-9474-1A3956D46DE8}") = "workflows", "workflows", "{C35C84D0-F412-40BA-B8AE-83C3E49EAC14}"
	ProjectSection(SolutionItems) = preProject
		.github\workflows\dotnet.yml = .github\workflows\dotnet.yml
	EndProjectSection
EndProject
Global
	GlobalSection(SolutionConfigurationPlatforms) = preSolution
		Debug|Any CPU = Debug|Any CPU
		Release|Any CPU = Release|Any CPU
	EndGlobalSection
	GlobalSection(ProjectConfigurationPlatforms) = postSolution
		{B45218DE-CDBF-4155-AF5A-5987F3FBF6A9}.Debug|Any CPU.ActiveCfg = Debug|Any CPU
		{B45218DE-CDBF-4155-AF5A-5987F3FBF6A9}.Debug|Any CPU.Build.0 = Debug|Any CPU
		{B45218DE-CDBF-4155-AF5A-5987F3FBF6A9}.Release|Any CPU.ActiveCfg = Release|Any CPU
		{B45218DE-CDBF-4155-AF5A-5987F3FBF6A9}.Release|Any CPU.Build.0 = Release|Any CPU
		{0EA01373-F3C7-48B2-9C67-78C173D7D81A}.Debug|Any CPU.ActiveCfg = Debug|Any CPU
		{0EA01373-F3C7-48B2-9C67-78C173D7D81A}.Debug|Any CPU.Build.0 = Debug|Any CPU
		{0EA01373-F3C7-48B2-9C67-78C173D7D81A}.Release|Any CPU.ActiveCfg = Release|Any CPU
		{0EA01373-F3C7-48B2-9C67-78C173D7D81A}.Release|Any CPU.Build.0 = Release|Any CPU
		{0A24AF56-DC49-4A1F-BDFE-D2E806E10749}.Debug|Any CPU.ActiveCfg = Debug|Any CPU
		{0A24AF56-DC49-4A1F-BDFE-D2E806E10749}.Debug|Any CPU.Build.0 = Debug|Any CPU
		{0A24AF56-DC49-4A1F-BDFE-D2E806E10749}.Release|Any CPU.ActiveCfg = Release|Any CPU
		{0A24AF56-DC49-4A1F-BDFE-D2E806E10749}.Release|Any CPU.Build.0 = Release|Any CPU
		{CD365973-6BE0-47BC-A6DF-5832F3B73B0B}.Debug|Any CPU.ActiveCfg = Debug|Any CPU
		{CD365973-6BE0-47BC-A6DF-5832F3B73B0B}.Debug|Any CPU.Build.0 = Debug|Any CPU
		{CD365973-6BE0-47BC-A6DF-5832F3B73B0B}.Release|Any CPU.ActiveCfg = Release|Any CPU
		{CD365973-6BE0-47BC-A6DF-5832F3B73B0B}.Release|Any CPU.Build.0 = Release|Any CPU
		{F04EF548-A34F-4FC6-A65B-DCB1BED45C14}.Debug|Any CPU.ActiveCfg = Debug|Any CPU
		{F04EF548-A34F-4FC6-A65B-DCB1BED45C14}.Debug|Any CPU.Build.0 = Debug|Any CPU
		{F04EF548-A34F-4FC6-A65B-DCB1BED45C14}.Release|Any CPU.ActiveCfg = Release|Any CPU
		{F04EF548-A34F-4FC6-A65B-DCB1BED45C14}.Release|Any CPU.Build.0 = Release|Any CPU
		{26F38429-A6B1-47A6-B3E1-06E1D7F04303}.Debug|Any CPU.ActiveCfg = Debug|Any CPU
		{26F38429-A6B1-47A6-B3E1-06E1D7F04303}.Debug|Any CPU.Build.0 = Debug|Any CPU
		{26F38429-A6B1-47A6-B3E1-06E1D7F04303}.Release|Any CPU.ActiveCfg = Release|Any CPU
		{26F38429-A6B1-47A6-B3E1-06E1D7F04303}.Release|Any CPU.Build.0 = Release|Any CPU
		{2DD3FFEC-13D3-4065-B352-3C320F1865C2}.Debug|Any CPU.ActiveCfg = Debug|Any CPU
		{2DD3FFEC-13D3-4065-B352-3C320F1865C2}.Debug|Any CPU.Build.0 = Debug|Any CPU
		{2DD3FFEC-13D3-4065-B352-3C320F1865C2}.Release|Any CPU.ActiveCfg = Release|Any CPU
		{2DD3FFEC-13D3-4065-B352-3C320F1865C2}.Release|Any CPU.Build.0 = Release|Any CPU
		{32C39B31-69F9-4385-A90E-F48B946489AA}.Debug|Any CPU.ActiveCfg = Debug|Any CPU
		{32C39B31-69F9-4385-A90E-F48B946489AA}.Debug|Any CPU.Build.0 = Debug|Any CPU
		{32C39B31-69F9-4385-A90E-F48B946489AA}.Release|Any CPU.ActiveCfg = Release|Any CPU
		{32C39B31-69F9-4385-A90E-F48B946489AA}.Release|Any CPU.Build.0 = Release|Any CPU
		{5C7AEB88-DAE5-4062-839C-9954477F7B56}.Debug|Any CPU.ActiveCfg = Debug|Any CPU
		{5C7AEB88-DAE5-4062-839C-9954477F7B56}.Debug|Any CPU.Build.0 = Debug|Any CPU
		{5C7AEB88-DAE5-4062-839C-9954477F7B56}.Release|Any CPU.ActiveCfg = Release|Any CPU
		{5C7AEB88-DAE5-4062-839C-9954477F7B56}.Release|Any CPU.Build.0 = Release|Any CPU
		{63AEFF6C-0A14-4FB3-9410-AACCCB7F54ED}.Debug|Any CPU.ActiveCfg = Debug|Any CPU
		{63AEFF6C-0A14-4FB3-9410-AACCCB7F54ED}.Debug|Any CPU.Build.0 = Debug|Any CPU
		{63AEFF6C-0A14-4FB3-9410-AACCCB7F54ED}.Release|Any CPU.ActiveCfg = Release|Any CPU
		{63AEFF6C-0A14-4FB3-9410-AACCCB7F54ED}.Release|Any CPU.Build.0 = Release|Any CPU
		{55215DCA-31F5-4FBD-B767-FB85CC0007D5}.Debug|Any CPU.ActiveCfg = Debug|Any CPU
		{55215DCA-31F5-4FBD-B767-FB85CC0007D5}.Debug|Any CPU.Build.0 = Debug|Any CPU
		{55215DCA-31F5-4FBD-B767-FB85CC0007D5}.Release|Any CPU.ActiveCfg = Release|Any CPU
		{55215DCA-31F5-4FBD-B767-FB85CC0007D5}.Release|Any CPU.Build.0 = Release|Any CPU
		{8AEB1340-BAEC-412A-A1AC-84FB398768A1}.Debug|Any CPU.ActiveCfg = Debug|Any CPU
		{8AEB1340-BAEC-412A-A1AC-84FB398768A1}.Debug|Any CPU.Build.0 = Debug|Any CPU
		{8AEB1340-BAEC-412A-A1AC-84FB398768A1}.Release|Any CPU.ActiveCfg = Release|Any CPU
		{8AEB1340-BAEC-412A-A1AC-84FB398768A1}.Release|Any CPU.Build.0 = Release|Any CPU
		{DC4E7455-6951-4971-BD91-54089E83DA89}.Debug|Any CPU.ActiveCfg = Debug|Any CPU
		{DC4E7455-6951-4971-BD91-54089E83DA89}.Debug|Any CPU.Build.0 = Debug|Any CPU
		{DC4E7455-6951-4971-BD91-54089E83DA89}.Release|Any CPU.ActiveCfg = Release|Any CPU
		{DC4E7455-6951-4971-BD91-54089E83DA89}.Release|Any CPU.Build.0 = Release|Any CPU
		{E2C0F504-7621-49DA-89C9-704EB6676B1D}.Debug|Any CPU.ActiveCfg = Debug|Any CPU
		{E2C0F504-7621-49DA-89C9-704EB6676B1D}.Debug|Any CPU.Build.0 = Debug|Any CPU
		{E2C0F504-7621-49DA-89C9-704EB6676B1D}.Release|Any CPU.ActiveCfg = Release|Any CPU
		{E2C0F504-7621-49DA-89C9-704EB6676B1D}.Release|Any CPU.Build.0 = Release|Any CPU
		{6DF185C7-F276-4762-9A6B-DFA859E3AFA1}.Debug|Any CPU.ActiveCfg = Debug|Any CPU
		{6DF185C7-F276-4762-9A6B-DFA859E3AFA1}.Debug|Any CPU.Build.0 = Debug|Any CPU
		{6DF185C7-F276-4762-9A6B-DFA859E3AFA1}.Release|Any CPU.ActiveCfg = Release|Any CPU
		{6DF185C7-F276-4762-9A6B-DFA859E3AFA1}.Release|Any CPU.Build.0 = Release|Any CPU
	EndGlobalSection
	GlobalSection(SolutionProperties) = preSolution
		HideSolutionNode = FALSE
	EndGlobalSection
	GlobalSection(NestedProjects) = preSolution
		{FE880B20-0F4E-4A07-AB88-C8FCC5DA85C5} = {C42CF205-6E03-47D1-BA47-4140EA2F5990}
		{B45218DE-CDBF-4155-AF5A-5987F3FBF6A9} = {FE880B20-0F4E-4A07-AB88-C8FCC5DA85C5}
		{0EA01373-F3C7-48B2-9C67-78C173D7D81A} = {FE880B20-0F4E-4A07-AB88-C8FCC5DA85C5}
		{0A24AF56-DC49-4A1F-BDFE-D2E806E10749} = {FE880B20-0F4E-4A07-AB88-C8FCC5DA85C5}
		{CD365973-6BE0-47BC-A6DF-5832F3B73B0B} = {FE880B20-0F4E-4A07-AB88-C8FCC5DA85C5}
		{E944316D-A864-43E3-BF2F-D0C97476CA49} = {C42CF205-6E03-47D1-BA47-4140EA2F5990}
		{F04EF548-A34F-4FC6-A65B-DCB1BED45C14} = {E944316D-A864-43E3-BF2F-D0C97476CA49}
		{26F38429-A6B1-47A6-B3E1-06E1D7F04303} = {E944316D-A864-43E3-BF2F-D0C97476CA49}
		{2DD3FFEC-13D3-4065-B352-3C320F1865C2} = {E944316D-A864-43E3-BF2F-D0C97476CA49}
		{32C39B31-69F9-4385-A90E-F48B946489AA} = {E944316D-A864-43E3-BF2F-D0C97476CA49}
		{DEFA6B5A-A0FB-4244-937B-27361041C1E7} = {B8F23615-4ADF-4A30-B777-199F4D444B91}
		{ED3D48D5-2BC6-4D01-894E-2BDFA1CD9ABA} = {B8F23615-4ADF-4A30-B777-199F4D444B91}
		{5C7AEB88-DAE5-4062-839C-9954477F7B56} = {DEFA6B5A-A0FB-4244-937B-27361041C1E7}
		{63AEFF6C-0A14-4FB3-9410-AACCCB7F54ED} = {DEFA6B5A-A0FB-4244-937B-27361041C1E7}
		{55215DCA-31F5-4FBD-B767-FB85CC0007D5} = {DEFA6B5A-A0FB-4244-937B-27361041C1E7}
		{8AEB1340-BAEC-412A-A1AC-84FB398768A1} = {ED3D48D5-2BC6-4D01-894E-2BDFA1CD9ABA}
		{DC4E7455-6951-4971-BD91-54089E83DA89} = {ED3D48D5-2BC6-4D01-894E-2BDFA1CD9ABA}
		{E2C0F504-7621-49DA-89C9-704EB6676B1D} = {ED3D48D5-2BC6-4D01-894E-2BDFA1CD9ABA}
		{6DF185C7-F276-4762-9A6B-DFA859E3AFA1} = {ED3D48D5-2BC6-4D01-894E-2BDFA1CD9ABA}
		{C35C84D0-F412-40BA-B8AE-83C3E49EAC14} = {0C0E8557-C06B-46D5-A141-43DB12F5B804}
	EndGlobalSection
	GlobalSection(ExtensibilityGlobals) = postSolution
		SolutionGuid = {ABBCE63E-7C15-4710-8152-20DD30B3C250}
	EndGlobalSection
EndGlobal
